{
  "nodes": {
    "cachix": {
      "inputs": {
        "devenv": [
          "devenv"
        ],
        "flake-compat": [
          "devenv",
          "flake-compat"
        ],
        "git-hooks": [
          "devenv",
          "git-hooks"
        ],
        "nixpkgs": [
          "devenv",
          "nixpkgs"
        ]
      },
      "locked": {
        "lastModified": 1760971495,
        "narHash": "sha256-IwnNtbNVrlZIHh7h4Wz6VP0Furxg9Hh0ycighvL5cZc=",
        "owner": "cachix",
        "repo": "cachix",
        "rev": "c5bfd933d1033672f51a863c47303fc0e093c2d2",
        "type": "github"
      },
      "original": {
        "owner": "cachix",
        "ref": "latest",
        "repo": "cachix",
        "type": "github"
      }
    },
    "cachix_2": {
      "inputs": {
        "devenv": [
          "devlib",
          "devenv"
        ],
        "flake-compat": [
          "devlib",
          "devenv",
          "flake-compat"
        ],
        "git-hooks": [
          "devlib",
          "devenv",
          "git-hooks"
        ],
        "nixpkgs": [
          "devlib",
          "devenv",
          "nixpkgs"
        ]
      },
      "locked": {
        "lastModified": 1760971495,
        "narHash": "sha256-IwnNtbNVrlZIHh7h4Wz6VP0Furxg9Hh0ycighvL5cZc=",
        "owner": "cachix",
        "repo": "cachix",
        "rev": "c5bfd933d1033672f51a863c47303fc0e093c2d2",
        "type": "github"
      },
      "original": {
        "owner": "cachix",
        "ref": "latest",
        "repo": "cachix",
        "type": "github"
      }
    },
    "devenv": {
      "inputs": {
        "cachix": "cachix",
        "flake-compat": "flake-compat",
        "flake-parts": "flake-parts",
        "git-hooks": "git-hooks",
        "nix": "nix",
        "nixpkgs": "nixpkgs"
      },
      "locked": {
        "lastModified": 1762889687,
        "narHash": "sha256-oKvHfeYDZ0LfuHSaFLA0w/dfZ9R6C5W8pCGUjUWawGI=",
        "owner": "cachix",
        "repo": "devenv",
        "rev": "3b4fb549962342c928aae1bbea3a13f0eeed2703",
        "type": "github"
      },
      "original": {
        "owner": "cachix",
        "repo": "devenv",
        "type": "github"
      }
    },
    "devenv_2": {
      "inputs": {
        "cachix": "cachix_2",
        "flake-compat": "flake-compat_2",
        "flake-parts": "flake-parts_2",
        "git-hooks": "git-hooks_2",
        "nix": "nix_2",
        "nixpkgs": "nixpkgs_2"
      },
      "locked": {
        "lastModified": 1762645230,
        "narHash": "sha256-R01IFAvCQAxgVKoA7tQm5BVyCKuvmkUJnI6/F9Hzm4s=",
        "owner": "cachix",
        "repo": "devenv",
        "rev": "ec912ab6ad9803707ede117020654fffd30d9815",
        "type": "github"
      },
      "original": {
        "owner": "cachix",
        "repo": "devenv",
        "type": "github"
      }
    },
    "devlib": {
      "inputs": {
        "devenv": "devenv_2",
        "flake-parts": "flake-parts_3",
        "git-hooks": "git-hooks_3",
        "nixpkgs": "nixpkgs_4",
        "treefmt-nix": "treefmt-nix"
      },
      "locked": {
        "lastModified": 1763506444,
        "narHash": "sha256-rPba219T2EvB4ezwoA/7WxNCR3uYRUPcwqzDA/D8BBk=",
        "owner": "shikanime-studio",
        "repo": "devlib",
        "rev": "f2c98f339bc7e21f7166fc0a4bcdc7ba266f5c90",
        "type": "github"
      },
      "original": {
        "owner": "shikanime-studio",
        "repo": "devlib",
        "type": "github"
      }
    },
    "flake-compat": {
      "flake": false,
      "locked": {
        "lastModified": 1761588595,
        "narHash": "sha256-XKUZz9zewJNUj46b4AJdiRZJAvSZ0Dqj2BNfXvFlJC4=",
        "owner": "edolstra",
        "repo": "flake-compat",
        "rev": "f387cd2afec9419c8ee37694406ca490c3f34ee5",
        "type": "github"
      },
      "original": {
        "owner": "edolstra",
        "repo": "flake-compat",
        "type": "github"
      }
    },
    "flake-compat_2": {
      "flake": false,
      "locked": {
        "lastModified": 1761588595,
        "narHash": "sha256-XKUZz9zewJNUj46b4AJdiRZJAvSZ0Dqj2BNfXvFlJC4=",
        "owner": "edolstra",
        "repo": "flake-compat",
        "rev": "f387cd2afec9419c8ee37694406ca490c3f34ee5",
        "type": "github"
      },
      "original": {
        "owner": "edolstra",
        "repo": "flake-compat",
        "type": "github"
      }
    },
    "flake-compat_3": {
      "flake": false,
      "locked": {
        "lastModified": 1747046372,
        "narHash": "sha256-CIVLLkVgvHYbgI2UpXvIIBJ12HWgX+fjA8Xf8PUmqCY=",
        "owner": "edolstra",
        "repo": "flake-compat",
        "rev": "9100a0f413b0c601e0533d1d94ffd501ce2e7885",
        "type": "github"
      },
      "original": {
        "owner": "edolstra",
        "repo": "flake-compat",
        "type": "github"
      }
    },
    "flake-compat_4": {
      "flake": false,
      "locked": {
        "lastModified": 1747046372,
        "narHash": "sha256-CIVLLkVgvHYbgI2UpXvIIBJ12HWgX+fjA8Xf8PUmqCY=",
        "owner": "edolstra",
        "repo": "flake-compat",
        "rev": "9100a0f413b0c601e0533d1d94ffd501ce2e7885",
        "type": "github"
      },
      "original": {
        "owner": "edolstra",
        "repo": "flake-compat",
        "type": "github"
      }
    },
    "flake-compat_5": {
      "flake": false,
      "locked": {
        "lastModified": 1761588595,
        "narHash": "sha256-XKUZz9zewJNUj46b4AJdiRZJAvSZ0Dqj2BNfXvFlJC4=",
        "owner": "edolstra",
        "repo": "flake-compat",
        "rev": "f387cd2afec9419c8ee37694406ca490c3f34ee5",
        "type": "github"
      },
      "original": {
        "owner": "edolstra",
        "repo": "flake-compat",
        "type": "github"
      }
    },
    "flake-parts": {
      "inputs": {
        "nixpkgs-lib": [
          "devenv",
          "nixpkgs"
        ]
      },
      "locked": {
        "lastModified": 1760948891,
        "narHash": "sha256-TmWcdiUUaWk8J4lpjzu4gCGxWY6/Ok7mOK4fIFfBuU4=",
        "owner": "hercules-ci",
        "repo": "flake-parts",
        "rev": "864599284fc7c0ba6357ed89ed5e2cd5040f0c04",
        "type": "github"
      },
      "original": {
        "owner": "hercules-ci",
        "repo": "flake-parts",
        "type": "github"
      }
    },
    "flake-parts_2": {
      "inputs": {
        "nixpkgs-lib": [
          "devlib",
          "devenv",
          "nixpkgs"
        ]
      },
      "locked": {
        "lastModified": 1760948891,
        "narHash": "sha256-TmWcdiUUaWk8J4lpjzu4gCGxWY6/Ok7mOK4fIFfBuU4=",
        "owner": "hercules-ci",
        "repo": "flake-parts",
        "rev": "864599284fc7c0ba6357ed89ed5e2cd5040f0c04",
        "type": "github"
      },
      "original": {
        "owner": "hercules-ci",
        "repo": "flake-parts",
        "type": "github"
      }
    },
    "flake-parts_3": {
      "inputs": {
        "nixpkgs-lib": "nixpkgs-lib"
      },
      "locked": {
        "lastModified": 1762440070,
        "narHash": "sha256-xxdepIcb39UJ94+YydGP221rjnpkDZUlykKuF54PsqI=",
        "owner": "hercules-ci",
        "repo": "flake-parts",
        "rev": "26d05891e14c88eb4a5d5bee659c0db5afb609d8",
        "type": "github"
      },
      "original": {
        "owner": "hercules-ci",
        "repo": "flake-parts",
        "type": "github"
      }
    },
    "flake-parts_4": {
      "inputs": {
        "nixpkgs-lib": "nixpkgs-lib_2"
      },
      "locked": {
        "lastModified": 1762810396,
        "narHash": "sha256-dxFVgQPG+R72dkhXTtqUm7KpxElw3u6E+YlQ2WaDgt8=",
        "owner": "hercules-ci",
        "repo": "flake-parts",
        "rev": "0bdadb1b265fb4143a75bd1ec7d8c915898a9923",
        "type": "github"
      },
      "original": {
        "owner": "hercules-ci",
        "repo": "flake-parts",
        "type": "github"
      }
    },
    "git-hooks": {
      "inputs": {
        "flake-compat": [
          "devenv",
          "flake-compat"
        ],
        "gitignore": "gitignore",
        "nixpkgs": [
          "devenv",
          "nixpkgs"
        ]
      },
      "locked": {
        "lastModified": 1760663237,
        "narHash": "sha256-BflA6U4AM1bzuRMR8QqzPXqh8sWVCNDzOdsxXEguJIc=",
        "owner": "cachix",
        "repo": "git-hooks.nix",
        "rev": "ca5b894d3e3e151ffc1db040b6ce4dcc75d31c37",
        "type": "github"
      },
      "original": {
        "owner": "cachix",
        "repo": "git-hooks.nix",
        "type": "github"
      }
    },
    "git-hooks_2": {
      "inputs": {
        "flake-compat": [
          "devlib",
          "devenv",
          "flake-compat"
        ],
        "gitignore": "gitignore_2",
        "nixpkgs": [
          "devlib",
          "devenv",
          "nixpkgs"
        ]
      },
      "locked": {
        "lastModified": 1760663237,
        "narHash": "sha256-BflA6U4AM1bzuRMR8QqzPXqh8sWVCNDzOdsxXEguJIc=",
        "owner": "cachix",
        "repo": "git-hooks.nix",
        "rev": "ca5b894d3e3e151ffc1db040b6ce4dcc75d31c37",
        "type": "github"
      },
      "original": {
        "owner": "cachix",
        "repo": "git-hooks.nix",
        "type": "github"
      }
    },
    "git-hooks_3": {
      "inputs": {
        "flake-compat": "flake-compat_3",
        "gitignore": "gitignore_3",
        "nixpkgs": "nixpkgs_3"
      },
      "locked": {
        "lastModified": 1762868777,
        "narHash": "sha256-QqS72GvguP56oKDNUckWUPNJHjsdeuXh5RyoKz0wJ+E=",
        "owner": "cachix",
        "repo": "git-hooks.nix",
        "rev": "c5c3147730384576196fb5da048a6e45dee10d56",
        "type": "github"
      },
      "original": {
        "owner": "cachix",
        "repo": "git-hooks.nix",
        "type": "github"
      }
    },
    "git-hooks_4": {
      "inputs": {
        "flake-compat": "flake-compat_4",
        "gitignore": "gitignore_4",
        "nixpkgs": "nixpkgs_6"
      },
      "locked": {
        "lastModified": 1762868777,
        "narHash": "sha256-QqS72GvguP56oKDNUckWUPNJHjsdeuXh5RyoKz0wJ+E=",
        "owner": "cachix",
        "repo": "git-hooks.nix",
        "rev": "c5c3147730384576196fb5da048a6e45dee10d56",
        "type": "github"
      },
      "original": {
        "owner": "cachix",
        "repo": "git-hooks.nix",
        "type": "github"
      }
    },
    "gitignore": {
      "inputs": {
        "nixpkgs": [
          "devenv",
          "git-hooks",
          "nixpkgs"
        ]
      },
      "locked": {
        "lastModified": 1709087332,
        "narHash": "sha256-HG2cCnktfHsKV0s4XW83gU3F57gaTljL9KNSuG6bnQs=",
        "owner": "hercules-ci",
        "repo": "gitignore.nix",
        "rev": "637db329424fd7e46cf4185293b9cc8c88c95394",
        "type": "github"
      },
      "original": {
        "owner": "hercules-ci",
        "repo": "gitignore.nix",
        "type": "github"
      }
    },
    "gitignore_2": {
      "inputs": {
        "nixpkgs": [
          "devlib",
          "devenv",
          "git-hooks",
          "nixpkgs"
        ]
      },
      "locked": {
        "lastModified": 1709087332,
        "narHash": "sha256-HG2cCnktfHsKV0s4XW83gU3F57gaTljL9KNSuG6bnQs=",
        "owner": "hercules-ci",
        "repo": "gitignore.nix",
        "rev": "637db329424fd7e46cf4185293b9cc8c88c95394",
        "type": "github"
      },
      "original": {
        "owner": "hercules-ci",
        "repo": "gitignore.nix",
        "type": "github"
      }
    },
    "gitignore_3": {
      "inputs": {
        "nixpkgs": [
          "devlib",
          "git-hooks",
          "nixpkgs"
        ]
      },
      "locked": {
        "lastModified": 1709087332,
        "narHash": "sha256-HG2cCnktfHsKV0s4XW83gU3F57gaTljL9KNSuG6bnQs=",
        "owner": "hercules-ci",
        "repo": "gitignore.nix",
        "rev": "637db329424fd7e46cf4185293b9cc8c88c95394",
        "type": "github"
      },
      "original": {
        "owner": "hercules-ci",
        "repo": "gitignore.nix",
        "type": "github"
      }
    },
    "gitignore_4": {
      "inputs": {
        "nixpkgs": [
          "git-hooks",
          "nixpkgs"
        ]
      },
      "locked": {
        "lastModified": 1709087332,
        "narHash": "sha256-HG2cCnktfHsKV0s4XW83gU3F57gaTljL9KNSuG6bnQs=",
        "owner": "hercules-ci",
        "repo": "gitignore.nix",
        "rev": "637db329424fd7e46cf4185293b9cc8c88c95394",
        "type": "github"
      },
      "original": {
        "owner": "hercules-ci",
        "repo": "gitignore.nix",
        "type": "github"
      }
    },
    "home-manager": {
      "inputs": {
        "nixpkgs": "nixpkgs_7"
      },
      "locked": {
        "lastModified": 1762964643,
        "narHash": "sha256-RYHN8O/Aja59XDji6WSJZPkJpYVUfpSkyH+PEupBJqM=",
        "owner": "nix-community",
        "repo": "home-manager",
        "rev": "827f2a23373a774a8805f84ca5344654c31f354b",
        "type": "github"
      },
      "original": {
        "owner": "nix-community",
        "repo": "home-manager",
        "type": "github"
      }
    },
    "nix": {
      "inputs": {
        "flake-compat": [
          "devenv",
          "flake-compat"
        ],
        "flake-parts": [
          "devenv",
          "flake-parts"
        ],
        "git-hooks-nix": [
          "devenv",
          "git-hooks"
        ],
        "nixpkgs": [
          "devenv",
          "nixpkgs"
        ],
        "nixpkgs-23-11": [
          "devenv"
        ],
        "nixpkgs-regression": [
          "devenv"
        ]
      },
      "locked": {
        "lastModified": 1761648602,
        "narHash": "sha256-H97KSB/luq/aGobKRuHahOvT1r7C03BgB6D5HBZsbN8=",
        "owner": "cachix",
        "repo": "nix",
        "rev": "3e5644da6830ef65f0a2f7ec22830c46285bfff6",
        "type": "github"
      },
      "original": {
        "owner": "cachix",
        "ref": "devenv-2.30.6",
        "repo": "nix",
        "type": "github"
      }
    },
    "nix-darwin": {
      "inputs": {
        "nixpkgs": "nixpkgs_8"
      },
      "locked": {
        "lastModified": 1762627886,
        "narHash": "sha256-/QLk1bzmbcqJt9sU43+y/3tHtXhAy0l8Ck0MoO2+evQ=",
        "owner": "nix-darwin",
        "repo": "nix-darwin",
        "rev": "5125a3cd414dc98bbe2c528227aa6b62ee61f733",
        "type": "github"
      },
      "original": {
        "owner": "nix-darwin",
        "repo": "nix-darwin",
        "type": "github"
      }
    },
    "nix_2": {
      "inputs": {
        "flake-compat": [
          "devlib",
          "devenv",
          "flake-compat"
        ],
        "flake-parts": [
          "devlib",
          "devenv",
          "flake-parts"
        ],
        "git-hooks-nix": [
          "devlib",
          "devenv",
          "git-hooks"
        ],
        "nixpkgs": [
          "devlib",
          "devenv",
          "nixpkgs"
        ],
        "nixpkgs-23-11": [
          "devlib",
          "devenv"
        ],
        "nixpkgs-regression": [
          "devlib",
          "devenv"
        ]
      },
      "locked": {
        "lastModified": 1761648602,
        "narHash": "sha256-H97KSB/luq/aGobKRuHahOvT1r7C03BgB6D5HBZsbN8=",
        "owner": "cachix",
        "repo": "nix",
        "rev": "3e5644da6830ef65f0a2f7ec22830c46285bfff6",
        "type": "github"
      },
      "original": {
        "owner": "cachix",
        "ref": "devenv-2.30.6",
        "repo": "nix",
        "type": "github"
      }
    },
    "nixos-hardware": {
      "locked": {
        "lastModified": 1762847253,
        "narHash": "sha256-BWWnUUT01lPwCWUvS0p6Px5UOBFeXJ8jR+ZdLX8IbrU=",
        "owner": "NixOS",
        "repo": "nixos-hardware",
        "rev": "899dc449bc6428b9ee6b3b8f771ca2b0ef945ab9",
        "type": "github"
      },
      "original": {
        "owner": "NixOS",
        "repo": "nixos-hardware",
        "type": "github"
      }
    },
    "nixos-wsl": {
      "inputs": {
        "flake-compat": "flake-compat_5",
        "nixpkgs": "nixpkgs_9"
      },
      "locked": {
        "lastModified": 1762908663,
        "narHash": "sha256-HqdYfzBaidYX+EYAcXDFCggXJPZBv2fusMwhc7/4+cI=",
        "owner": "nix-community",
        "repo": "NixOS-WSL",
        "rev": "debc562c48c445f9f08778ecb9fc6b35197623ad",
        "type": "github"
      },
      "original": {
        "owner": "nix-community",
        "repo": "NixOS-WSL",
        "type": "github"
      }
    },
    "nixpkgs": {
      "locked": {
        "lastModified": 1761313199,
        "narHash": "sha256-wCIACXbNtXAlwvQUo1Ed++loFALPjYUA3dpcUJiXO44=",
        "owner": "cachix",
        "repo": "devenv-nixpkgs",
        "rev": "d1c30452ebecfc55185ae6d1c983c09da0c274ff",
        "type": "github"
      },
      "original": {
        "owner": "cachix",
        "ref": "rolling",
        "repo": "devenv-nixpkgs",
        "type": "github"
      }
    },
    "nixpkgs-lib": {
      "locked": {
        "lastModified": 1761765539,
        "narHash": "sha256-b0yj6kfvO8ApcSE+QmA6mUfu8IYG6/uU28OFn4PaC8M=",
        "owner": "nix-community",
        "repo": "nixpkgs.lib",
        "rev": "719359f4562934ae99f5443f20aa06c2ffff91fc",
        "type": "github"
      },
      "original": {
        "owner": "nix-community",
        "repo": "nixpkgs.lib",
        "type": "github"
      }
    },
    "nixpkgs-lib_2": {
      "locked": {
        "lastModified": 1761765539,
        "narHash": "sha256-b0yj6kfvO8ApcSE+QmA6mUfu8IYG6/uU28OFn4PaC8M=",
        "owner": "nix-community",
        "repo": "nixpkgs.lib",
        "rev": "719359f4562934ae99f5443f20aa06c2ffff91fc",
        "type": "github"
      },
      "original": {
        "owner": "nix-community",
        "repo": "nixpkgs.lib",
        "type": "github"
      }
    },
    "nixpkgs_10": {
      "locked": {
        "lastModified": 1763283776,
        "narHash": "sha256-Y7TDFPK4GlqrKrivOcsHG8xSGqQx3A6c+i7novT85Uk=",
        "owner": "nixos",
        "repo": "nixpkgs",
        "rev": "50a96edd8d0db6cc8db57dab6bb6d6ee1f3dc49a",
        "type": "github"
      },
      "original": {
        "owner": "nixos",
        "ref": "nixos-unstable",
        "repo": "nixpkgs",
        "type": "github"
      }
    },
    "nixpkgs_11": {
      "locked": {
        "lastModified": 1763191728,
        "narHash": "sha256-esRhOS0APE6k40Hs/jjReXg+rx+J5LkWw7cuWFKlwYA=",
        "owner": "NixOS",
        "repo": "nixpkgs",
        "rev": "1d4c88323ac36805d09657d13a5273aea1b34f0c",
        "type": "github"
      },
      "original": {
        "owner": "NixOS",
        "ref": "nixpkgs-unstable",
        "repo": "nixpkgs",
        "type": "github"
      }
    },
    "nixpkgs_12": {
      "locked": {
        "lastModified": 1761236834,
        "narHash": "sha256-+pthv6hrL5VLW2UqPdISGuLiUZ6SnAXdd2DdUE+fV2Q=",
        "owner": "nixos",
        "repo": "nixpkgs",
        "rev": "d5faa84122bc0a1fd5d378492efce4e289f8eac1",
        "type": "github"
      },
      "original": {
        "owner": "nixos",
        "ref": "nixpkgs-unstable",
        "repo": "nixpkgs",
        "type": "github"
      }
    },
    "nixpkgs_2": {
      "locked": {
        "lastModified": 1761313199,
        "narHash": "sha256-wCIACXbNtXAlwvQUo1Ed++loFALPjYUA3dpcUJiXO44=",
        "owner": "cachix",
        "repo": "devenv-nixpkgs",
        "rev": "d1c30452ebecfc55185ae6d1c983c09da0c274ff",
        "type": "github"
      },
      "original": {
        "owner": "cachix",
        "ref": "rolling",
        "repo": "devenv-nixpkgs",
        "type": "github"
      }
    },
    "nixpkgs_3": {
      "locked": {
        "lastModified": 1759417375,
        "narHash": "sha256-O7eHcgkQXJNygY6AypkF9tFhsoDQjpNEojw3eFs73Ow=",
        "owner": "NixOS",
        "repo": "nixpkgs",
        "rev": "dc704e6102e76aad573f63b74c742cd96f8f1e6c",
        "type": "github"
      },
      "original": {
        "owner": "NixOS",
        "ref": "nixpkgs-unstable",
        "repo": "nixpkgs",
        "type": "github"
      }
    },
    "nixpkgs_4": {
      "locked": {
        "lastModified": 1762361079,
        "narHash": "sha256-lz718rr1BDpZBYk7+G8cE6wee3PiBUpn8aomG/vLLiY=",
        "owner": "nixos",
        "repo": "nixpkgs",
        "rev": "ffcdcf99d65c61956d882df249a9be53e5902ea5",
        "type": "github"
      },
      "original": {
        "owner": "nixos",
        "ref": "nixpkgs-unstable",
        "repo": "nixpkgs",
        "type": "github"
      }
    },
    "nixpkgs_5": {
      "locked": {
        "lastModified": 1761236834,
        "narHash": "sha256-+pthv6hrL5VLW2UqPdISGuLiUZ6SnAXdd2DdUE+fV2Q=",
        "owner": "nixos",
        "repo": "nixpkgs",
        "rev": "d5faa84122bc0a1fd5d378492efce4e289f8eac1",
        "type": "github"
      },
      "original": {
        "owner": "nixos",
        "ref": "nixpkgs-unstable",
        "repo": "nixpkgs",
        "type": "github"
      }
    },
    "nixpkgs_6": {
      "locked": {
        "lastModified": 1759417375,
        "narHash": "sha256-O7eHcgkQXJNygY6AypkF9tFhsoDQjpNEojw3eFs73Ow=",
        "owner": "NixOS",
        "repo": "nixpkgs",
        "rev": "dc704e6102e76aad573f63b74c742cd96f8f1e6c",
        "type": "github"
      },
      "original": {
        "owner": "NixOS",
        "ref": "nixpkgs-unstable",
        "repo": "nixpkgs",
        "type": "github"
      }
    },
    "nixpkgs_7": {
      "locked": {
        "lastModified": 1762111121,
        "narHash": "sha256-4vhDuZ7OZaZmKKrnDpxLZZpGIJvAeMtK6FKLJYUtAdw=",
        "owner": "NixOS",
        "repo": "nixpkgs",
        "rev": "b3d51a0365f6695e7dd5cdf3e180604530ed33b4",
        "type": "github"
      },
      "original": {
        "owner": "NixOS",
        "ref": "nixos-unstable",
        "repo": "nixpkgs",
        "type": "github"
      }
    },
    "nixpkgs_8": {
      "locked": {
        "lastModified": 1747728033,
        "narHash": "sha256-NnXFQu7g4LnvPIPfJmBuZF7LFy/fey2g2+LCzjQhTUk=",
        "owner": "NixOS",
        "repo": "nixpkgs",
        "rev": "2f9173bde1d3fbf1ad26ff6d52f952f9e9da52ea",
        "type": "github"
      },
      "original": {
        "owner": "NixOS",
        "ref": "nixpkgs-unstable",
        "repo": "nixpkgs",
        "type": "github"
      }
    },
    "nixpkgs_9": {
      "locked": {
        "lastModified": 1762596750,
        "narHash": "sha256-rXXuz51Bq7DHBlfIjN7jO8Bu3du5TV+3DSADBX7/9YQ=",
        "owner": "NixOS",
        "repo": "nixpkgs",
        "rev": "b6a8526db03f735b89dd5ff348f53f752e7ddc8e",
        "type": "github"
      },
      "original": {
        "owner": "NixOS",
        "ref": "nixos-unstable",
        "repo": "nixpkgs",
        "type": "github"
      }
    },
    "root": {
      "inputs": {
        "devenv": "devenv",
        "devlib": "devlib",
        "flake-parts": "flake-parts_4",
        "git-hooks": "git-hooks_4",
        "home-manager": "home-manager",
        "nix-darwin": "nix-darwin",
        "nixos-hardware": "nixos-hardware",
        "nixos-wsl": "nixos-wsl",
        "nixpkgs": "nixpkgs_10",
        "sops-nix": "sops-nix",
        "treefmt-nix": "treefmt-nix_2"
      }
    },
    "sops-nix": {
      "inputs": {
        "nixpkgs": "nixpkgs_11"
      },
      "locked": {
        "lastModified": 1763404987,
        "narHash": "sha256-7ovXpwlWU3nAaQh0AamwNWOcoKrpn7HijyT3i6p3scc=",
        "owner": "mic92",
        "repo": "sops-nix",
        "rev": "e3aa38151e5c3445860c709bfc65c148fa900cdb",
        "type": "github"
      },
      "original": {
        "owner": "mic92",
        "repo": "sops-nix",
        "type": "github"
      }
    },
    "treefmt-nix": {
      "inputs": {
        "nixpkgs": "nixpkgs_5"
      },
      "locked": {
        "lastModified": 1762410071,
        "narHash": "sha256-aF5fvoZeoXNPxT0bejFUBXeUjXfHLSL7g+mjR/p5TEg=",
        "owner": "numtide",
        "repo": "treefmt-nix",
        "rev": "97a30861b13c3731a84e09405414398fbf3e109f",
        "type": "github"
      },
      "original": {
        "owner": "numtide",
        "repo": "treefmt-nix",
        "type": "github"
      }
    },
    "treefmt-nix_2": {
      "inputs": {
        "nixpkgs": "nixpkgs_12"
      },
      "locked": {
        "lastModified": 1762938485,
        "narHash": "sha256-AlEObg0syDl+Spi4LsZIBrjw+snSVU4T8MOeuZJUJjM=",
        "owner": "numtide",
        "repo": "treefmt-nix",
        "rev": "5b4ee75aeefd1e2d5a1cc43cf6ba65eba75e83e4",
        "type": "github"
      },
      "original": {
        "owner": "numtide",
        "repo": "treefmt-nix",
        "type": "github"
      }
    }
  },
  "root": "root",
  "version": 7
}
