{
  "nodes": {
    "home-manager": {
      "inputs": {
        "nixpkgs": [
          "nixpkgs"
        ]
      },
      "locked": {
        "lastModified": 1649887911,
        "narHash": "sha256-Af0Ppb1RZ7HWuxUvF0/O7h3cy8tqU2eKFyVwyA1ZD+w=",
        "owner": "nix-community",
        "repo": "home-manager",
        "rev": "7244c6715cb8f741f3b3e1220a9279e97b2ed8f5",
        "type": "github"
      },
      "original": {
        "owner": "nix-community",
        "ref": "release-21.11",
        "repo": "home-manager",
        "type": "github"
      }
    },
    "nixpkgs": {
      "locked": {
        "lastModified": 1650116203,
        "narHash": "sha256-r22+5f5y0i0FXvlbrF9tFFXczFURKr3HAQAfGl2iL0Q=",
        "owner": "nixos",
        "repo": "nixpkgs",
        "rev": "ca0837d2ed10caa2acb2b301ed4fb0e4eb911ac0",
        "type": "github"
      },
      "original": {
        "owner": "nixos",
        "ref": "release-21.11",
        "repo": "nixpkgs",
        "type": "github"
      }
    },
    "root": {
      "inputs": {
        "home-manager": "home-manager",
        "nixpkgs": "nixpkgs"
      }
    }
  },
  "root": "root",
  "version": 7
}
